
Microsoft Visual Studio Solution File, Format Version 12.00
# Visual Studio Version 17
VisualStudioVersion = 17.5.002.0
MinimumVisualStudioVersion = 10.0.40219.1
Project("{9A19103F-16F7-4668-BE54-9A1E7A4F7556}") = "TuendeApp", "TuendeApp\TuendeApp.csproj", "{596244E0-2A73-4676-ABD0-88FAFDB07192}"
EndProject
Global
	GlobalSection(SolutionConfigurationPlatforms) = preSolution
		Debug|Any CPU = Debug|Any CPU
		Release|Any CPU = Release|Any CPU
	EndGlobalSection
	GlobalSection(ProjectConfigurationPlatforms) = postSolution
		{596244E0-2A73-4676-ABD0-88FAFDB07192}.Debug|Any CPU.ActiveCfg = Debug|Any CPU
		{596244E0-2A73-4676-ABD0-88FAFDB07192}.Debug|Any CPU.Build.0 = Debug|Any CPU
		{596244E0-2A73-4676-ABD0-88FAFDB07192}.Release|Any CPU.ActiveCfg = Release|Any CPU
		{596244E0-2A73-4676-ABD0-88FAFDB07192}.Release|Any CPU.Build.0 = Release|Any CPU
	EndGlobalSection
	GlobalSection(SolutionProperties) = preSolution
		HideSolutionNode = FALSE
	EndGlobalSection
	GlobalSection(ExtensibilityGlobals) = postSolution
		SolutionGuid = {42EC896E-B5AC-4D84-B2B1-D66827748DFE}
	EndGlobalSection
EndGlobal
